
Microsoft Visual Studio Solution File, Format Version 12.00
# Visual Studio Version 17
VisualStudioVersion = 17.13.35931.197
MinimumVisualStudioVersion = 10.0.40219.1
Project("{FAE04EC0-301F-11D3-BF4B-00C04F79EFBC}") = "0100_Abstractions", "src\Docodemo.Async.Tasks\Abstractions\0100_Abstractions.csproj", "{64033D82-00E4-9B24-8702-28C1ECD4F8D0}"
EndProject
Project("{FAE04EC0-301F-11D3-BF4B-00C04F79EFBC}") = "0300_Extensions", "src\Docodemo.Async.Tasks\Extensions\0300_Extensions.csproj", "{4D031C08-2D46-7A78-82A6-F878EAE49F4E}"
EndProject
Project("{FAE04EC0-301F-11D3-BF4B-00C04F79EFBC}") = "0400_UnitTests", "src\Docodemo.Async.Tasks\UnitTests\0400_UnitTests.csproj", "{664A4A8E-CC2A-DDA1-300C-3B5BA959BE8C}"
EndProject
Project("{FAE04EC0-301F-11D3-BF4B-00C04F79EFBC}") = "0500_UsageExampleForAsyncHandler", "src\Docodemo.Async.Tasks\UsageExampleForAsyncHandler\0500_UsageExampleForAsyncHandler.csproj", "{E523965C-7399-78DF-7A25-1FFF5E69FF64}"
EndProject
Project("{FAE04EC0-301F-11D3-BF4B-00C04F79EFBC}") = "0600_UsageExampleForAsyncRunner", "src\Docodemo.Async.Tasks\UsageExampleForAsyncRunner\0600_UsageExampleForAsyncRunner.csproj", "{6343C843-A53F-C99E-0A26-73B5907910A0}"
EndProject
Project("{FAE04EC0-301F-11D3-BF4B-00C04F79EFBC}") = "0200_DefaultRunner", "src\Docodemo.Async.Tasks\DefaultRunner\0200_DefaultRunner.csproj", "{72C1695C-4460-2947-07C8-2935AD611739}"
EndProject
Project("{2150E333-8FDC-42A3-9474-1A3956D46DE8}") = "ソリューション項目", "ソリューション項目", "{2022CB0F-8BAF-F49E-0C48-8EF4C96EC109}"
	ProjectSection(SolutionItems) = preProject
		README.ja.md = README.ja.md
		README.md = README.md
	EndProjectSection
EndProject
Global
	GlobalSection(SolutionConfigurationPlatforms) = preSolution
		Debug|Any CPU = Debug|Any CPU
		Release|Any CPU = Release|Any CPU
	EndGlobalSection
	GlobalSection(ProjectConfigurationPlatforms) = postSolution
		{64033D82-00E4-9B24-8702-28C1ECD4F8D0}.Debug|Any CPU.ActiveCfg = Debug|Any CPU
		{64033D82-00E4-9B24-8702-28C1ECD4F8D0}.Debug|Any CPU.Build.0 = Debug|Any CPU
		{64033D82-00E4-9B24-8702-28C1ECD4F8D0}.Release|Any CPU.ActiveCfg = Release|Any CPU
		{64033D82-00E4-9B24-8702-28C1ECD4F8D0}.Release|Any CPU.Build.0 = Release|Any CPU
		{4D031C08-2D46-7A78-82A6-F878EAE49F4E}.Debug|Any CPU.ActiveCfg = Debug|Any CPU
		{4D031C08-2D46-7A78-82A6-F878EAE49F4E}.Debug|Any CPU.Build.0 = Debug|Any CPU
		{4D031C08-2D46-7A78-82A6-F878EAE49F4E}.Release|Any CPU.ActiveCfg = Release|Any CPU
		{4D031C08-2D46-7A78-82A6-F878EAE49F4E}.Release|Any CPU.Build.0 = Release|Any CPU
		{664A4A8E-CC2A-DDA1-300C-3B5BA959BE8C}.Debug|Any CPU.ActiveCfg = Debug|Any CPU
		{664A4A8E-CC2A-DDA1-300C-3B5BA959BE8C}.Debug|Any CPU.Build.0 = Debug|Any CPU
		{664A4A8E-CC2A-DDA1-300C-3B5BA959BE8C}.Release|Any CPU.ActiveCfg = Release|Any CPU
		{664A4A8E-CC2A-DDA1-300C-3B5BA959BE8C}.Release|Any CPU.Build.0 = Release|Any CPU
		{E523965C-7399-78DF-7A25-1FFF5E69FF64}.Debug|Any CPU.ActiveCfg = Debug|Any CPU
		{E523965C-7399-78DF-7A25-1FFF5E69FF64}.Debug|Any CPU.Build.0 = Debug|Any CPU
		{E523965C-7399-78DF-7A25-1FFF5E69FF64}.Release|Any CPU.ActiveCfg = Release|Any CPU
		{E523965C-7399-78DF-7A25-1FFF5E69FF64}.Release|Any CPU.Build.0 = Release|Any CPU
		{6343C843-A53F-C99E-0A26-73B5907910A0}.Debug|Any CPU.ActiveCfg = Debug|Any CPU
		{6343C843-A53F-C99E-0A26-73B5907910A0}.Debug|Any CPU.Build.0 = Debug|Any CPU
		{6343C843-A53F-C99E-0A26-73B5907910A0}.Release|Any CPU.ActiveCfg = Release|Any CPU
		{6343C843-A53F-C99E-0A26-73B5907910A0}.Release|Any CPU.Build.0 = Release|Any CPU
		{72C1695C-4460-2947-07C8-2935AD611739}.Debug|Any CPU.ActiveCfg = Debug|Any CPU
		{72C1695C-4460-2947-07C8-2935AD611739}.Debug|Any CPU.Build.0 = Debug|Any CPU
		{72C1695C-4460-2947-07C8-2935AD611739}.Release|Any CPU.ActiveCfg = Release|Any CPU
		{72C1695C-4460-2947-07C8-2935AD611739}.Release|Any CPU.Build.0 = Release|Any CPU
	EndGlobalSection
	GlobalSection(SolutionProperties) = preSolution
		HideSolutionNode = FALSE
	EndGlobalSection
	GlobalSection(ExtensibilityGlobals) = postSolution
		SolutionGuid = {09699C21-ED43-4667-9AE5-723807C00338}
	EndGlobalSection
EndGlobal
